
Microsoft Visual Studio Solution File, Format Version 12.00
# Visual Studio Version 17
VisualStudioVersion = 17.12.35506.116 d17.12
MinimumVisualStudioVersion = 10.0.40219.1
Project("{FAE04EC0-301F-11D3-BF4B-00C04F79EFBC}") = "BackendAssessment.App", "BackendAssessment.App\BackendAssessment.App.csproj", "{71264E78-E326-4DA2-99C4-B2DFDB779ABF}"
EndProject
Global
	GlobalSection(SolutionConfigurationPlatforms) = preSolution
		Debug|Any CPU = Debug|Any CPU
		Release|Any CPU = Release|Any CPU
	EndGlobalSection
	GlobalSection(ProjectConfigurationPlatforms) = postSolution
		{71264E78-E326-4DA2-99C4-B2DFDB779ABF}.Debug|Any CPU.ActiveCfg = Debug|Any CPU
		{71264E78-E326-4DA2-99C4-B2DFDB779ABF}.Debug|Any CPU.Build.0 = Debug|Any CPU
		{71264E78-E326-4DA2-99C4-B2DFDB779ABF}.Release|Any CPU.ActiveCfg = Release|Any CPU
		{71264E78-E326-4DA2-99C4-B2DFDB779ABF}.Release|Any CPU.Build.0 = Release|Any CPU
	EndGlobalSection
	GlobalSection(SolutionProperties) = preSolution
		HideSolutionNode = FALSE
	EndGlobalSection
EndGlobal
